// !$*UTF8*$!
{
	archiveVersion = 1;
	classes = {
	};
	objectVersion = 55;
	objects = {

/* Begin PBXBuildFile section */
		4810518C295A191300B994A9 /* PortfolioContainer.xcdatamodeld in Sources */ = {isa = PBXBuildFile; fileRef = 4810518A295A191300B994A9 /* PortfolioContainer.xcdatamodeld */; };
		4810518E295A19DE00B994A9 /* PortfolioDataService.swift in Sources */ = {isa = PBXBuildFile; fileRef = 4810518D295A19DE00B994A9 /* PortfolioDataService.swift */; };
		4814546B295BF8D6002DF481 /* HapticManager.swift in Sources */ = {isa = PBXBuildFile; fileRef = 4814546A295BF8D6002DF481 /* HapticManager.swift */; };
		481A9CB0295651200007F8C3 /* CoinImageView.swift in Sources */ = {isa = PBXBuildFile; fileRef = 481A9CAF295651200007F8C3 /* CoinImageView.swift */; };
		4823F93A29579D0A00C6A2BD /* StatisticModel.swift in Sources */ = {isa = PBXBuildFile; fileRef = 4823F93929579D0A00C6A2BD /* StatisticModel.swift */; };
		4823F93D2957A12400C6A2BD /* StatisticsView.swift in Sources */ = {isa = PBXBuildFile; fileRef = 4823F93C2957A12400C6A2BD /* StatisticsView.swift */; };
		4823F93F2957A71700C6A2BD /* HomeStatsView.swift in Sources */ = {isa = PBXBuildFile; fileRef = 4823F93E2957A71700C6A2BD /* HomeStatsView.swift */; };
		4829026D29511EEC00514B73 /* HomeView.swift in Sources */ = {isa = PBXBuildFile; fileRef = 4829026C29511EEC00514B73 /* HomeView.swift */; };
		48290271295120B800514B73 /* CircleButtonView.swift in Sources */ = {isa = PBXBuildFile; fileRef = 48290270295120B800514B73 /* CircleButtonView.swift */; };
		482902732951259200514B73 /* CircleButtonAnimationView.swift in Sources */ = {isa = PBXBuildFile; fileRef = 482902722951259200514B73 /* CircleButtonAnimationView.swift */; };
		4829027629512A5600514B73 /* CoinModel.swift in Sources */ = {isa = PBXBuildFile; fileRef = 4829027529512A5600514B73 /* CoinModel.swift */; };
		483248632957D75100972C44 /* MarketDataModel.swift in Sources */ = {isa = PBXBuildFile; fileRef = 483248622957D75100972C44 /* MarketDataModel.swift */; };
		483248652957DD8600972C44 /* MarketDataService.swift in Sources */ = {isa = PBXBuildFile; fileRef = 483248642957DD8600972C44 /* MarketDataService.swift */; };
		486BCB5F29569951005CD32C /* CoinImageService.swift in Sources */ = {isa = PBXBuildFile; fileRef = 486BCB5E29569951005CD32C /* CoinImageService.swift */; };
		486BCB6129569CFE005CD32C /* CoinImageViewModel.swift in Sources */ = {isa = PBXBuildFile; fileRef = 486BCB6029569CFE005CD32C /* CoinImageViewModel.swift */; };
		48771F362958C3E900A06279 /* PortfolioView.swift in Sources */ = {isa = PBXBuildFile; fileRef = 48771F352958C3E900A06279 /* PortfolioView.swift */; };
		48771F382958C80B00A06279 /* XMarkButton.swift in Sources */ = {isa = PBXBuildFile; fileRef = 48771F372958C80B00A06279 /* XMarkButton.swift */; };
		48771F3B2958CDFF00A06279 /* CoinLogoView.swift in Sources */ = {isa = PBXBuildFile; fileRef = 48771F3A2958CDFF00A06279 /* CoinLogoView.swift */; };
		48867781295E4B7D00AF986C /* ChartsView.swift in Sources */ = {isa = PBXBuildFile; fileRef = 48867780295E4B7D00AF986C /* ChartsView.swift */; };
		488A63012955225F00A40117 /* CoinDataService.swift in Sources */ = {isa = PBXBuildFile; fileRef = 488A63002955225F00A40117 /* CoinDataService.swift */; };
		488A6304295534FE00A40117 /* NetworkingManager.swift in Sources */ = {isa = PBXBuildFile; fileRef = 488A6303295534FE00A40117 /* NetworkingManager.swift */; };
		488B16A4295248EE00D7D0A3 /* CoinRowView.swift in Sources */ = {isa = PBXBuildFile; fileRef = 488B16A3295248EE00D7D0A3 /* CoinRowView.swift */; };
		488B16A62952498E00D7D0A3 /* PreviewProvider.swift in Sources */ = {isa = PBXBuildFile; fileRef = 488B16A52952498E00D7D0A3 /* PreviewProvider.swift */; };
		488B16A82952591800D7D0A3 /* Double.swift in Sources */ = {isa = PBXBuildFile; fileRef = 488B16A72952591800D7D0A3 /* Double.swift */; };
		489F8057295E8D43009E2D45 /* Date.swift in Sources */ = {isa = PBXBuildFile; fileRef = 489F8056295E8D43009E2D45 /* Date.swift */; };
		489F8059295E9E2A009E2D45 /* String.swift in Sources */ = {isa = PBXBuildFile; fileRef = 489F8058295E9E2A009E2D45 /* String.swift */; };
		48A1CAA3295DE743002D0D03 /* CoinDetailModel.swift in Sources */ = {isa = PBXBuildFile; fileRef = 48A1CAA2295DE743002D0D03 /* CoinDetailModel.swift */; };
		48A1CAA5295DF624002D0D03 /* DetailViewModel.swift in Sources */ = {isa = PBXBuildFile; fileRef = 48A1CAA4295DF624002D0D03 /* DetailViewModel.swift */; };
		48A1CAA7295DF6E9002D0D03 /* CoinDetailDataService.swift in Sources */ = {isa = PBXBuildFile; fileRef = 48A1CAA6295DF6E9002D0D03 /* CoinDetailDataService.swift */; };
		48AF36DB2950DE6F009349B1 /* CryptoTrackerApp.swift in Sources */ = {isa = PBXBuildFile; fileRef = 48AF36DA2950DE6F009349B1 /* CryptoTrackerApp.swift */; };
		48AF36DF2950DE72009349B1 /* Assets.xcassets in Resources */ = {isa = PBXBuildFile; fileRef = 48AF36DE2950DE72009349B1 /* Assets.xcassets */; };
		48AF36E22950DE72009349B1 /* Preview Assets.xcassets in Resources */ = {isa = PBXBuildFile; fileRef = 48AF36E12950DE72009349B1 /* Preview Assets.xcassets */; };
		48AF36EA2950F4D0009349B1 /* Color.swift in Sources */ = {isa = PBXBuildFile; fileRef = 48AF36E92950F4D0009349B1 /* Color.swift */; };
		48DEB9C8295D01B90080AF6E /* DetailsView.swift in Sources */ = {isa = PBXBuildFile; fileRef = 48DEB9C7295D01B90080AF6E /* DetailsView.swift */; };
		48E1E7192954F3B7003CE406 /* HomeViewModel.swift in Sources */ = {isa = PBXBuildFile; fileRef = 48E1E7182954F3B7003CE406 /* HomeViewModel.swift */; };
		48FA4AA629574DBB001F4E6A /* LocalFileManager.swift in Sources */ = {isa = PBXBuildFile; fileRef = 48FA4AA529574DBB001F4E6A /* LocalFileManager.swift */; };
		48FA4AA829576107001F4E6A /* SearchBarView.swift in Sources */ = {isa = PBXBuildFile; fileRef = 48FA4AA729576107001F4E6A /* SearchBarView.swift */; };
		48FA4AAA29576AE5001F4E6A /* UIApplication.swift in Sources */ = {isa = PBXBuildFile; fileRef = 48FA4AA929576AE5001F4E6A /* UIApplication.swift */; };
/* End PBXBuildFile section */

/* Begin PBXFileReference section */
		4810518B295A191300B994A9 /* PortfolioContainer.xcdatamodel */ = {isa = PBXFileReference; lastKnownFileType = wrapper.xcdatamodel; path = PortfolioContainer.xcdatamodel; sourceTree = "<group>"; };
		4810518D295A19DE00B994A9 /* PortfolioDataService.swift */ = {isa = PBXFileReference; lastKnownFileType = sourcecode.swift; path = PortfolioDataService.swift; sourceTree = "<group>"; };
		4814546A295BF8D6002DF481 /* HapticManager.swift */ = {isa = PBXFileReference; lastKnownFileType = sourcecode.swift; path = HapticManager.swift; sourceTree = "<group>"; };
		481A9CAF295651200007F8C3 /* CoinImageView.swift */ = {isa = PBXFileReference; lastKnownFileType = sourcecode.swift; path = CoinImageView.swift; sourceTree = "<group>"; };
		4823F93929579D0A00C6A2BD /* StatisticModel.swift */ = {isa = PBXFileReference; lastKnownFileType = sourcecode.swift; path = StatisticModel.swift; sourceTree = "<group>"; };
		4823F93C2957A12400C6A2BD /* StatisticsView.swift */ = {isa = PBXFileReference; lastKnownFileType = sourcecode.swift; path = StatisticsView.swift; sourceTree = "<group>"; };
		4823F93E2957A71700C6A2BD /* HomeStatsView.swift */ = {isa = PBXFileReference; lastKnownFileType = sourcecode.swift; path = HomeStatsView.swift; sourceTree = "<group>"; };
		4829026C29511EEC00514B73 /* HomeView.swift */ = {isa = PBXFileReference; lastKnownFileType = sourcecode.swift; path = HomeView.swift; sourceTree = "<group>"; };
		48290270295120B800514B73 /* CircleButtonView.swift */ = {isa = PBXFileReference; lastKnownFileType = sourcecode.swift; path = CircleButtonView.swift; sourceTree = "<group>"; };
		482902722951259200514B73 /* CircleButtonAnimationView.swift */ = {isa = PBXFileReference; lastKnownFileType = sourcecode.swift; path = CircleButtonAnimationView.swift; sourceTree = "<group>"; };
		4829027529512A5600514B73 /* CoinModel.swift */ = {isa = PBXFileReference; lastKnownFileType = sourcecode.swift; path = CoinModel.swift; sourceTree = "<group>"; };
		483248622957D75100972C44 /* MarketDataModel.swift */ = {isa = PBXFileReference; lastKnownFileType = sourcecode.swift; path = MarketDataModel.swift; sourceTree = "<group>"; };
		483248642957DD8600972C44 /* MarketDataService.swift */ = {isa = PBXFileReference; lastKnownFileType = sourcecode.swift; path = MarketDataService.swift; sourceTree = "<group>"; };
		486BCB5E29569951005CD32C /* CoinImageService.swift */ = {isa = PBXFileReference; lastKnownFileType = sourcecode.swift; path = CoinImageService.swift; sourceTree = "<group>"; };
		486BCB6029569CFE005CD32C /* CoinImageViewModel.swift */ = {isa = PBXFileReference; lastKnownFileType = sourcecode.swift; path = CoinImageViewModel.swift; sourceTree = "<group>"; };
		48771F352958C3E900A06279 /* PortfolioView.swift */ = {isa = PBXFileReference; lastKnownFileType = sourcecode.swift; path = PortfolioView.swift; sourceTree = "<group>"; };
		48771F372958C80B00A06279 /* XMarkButton.swift */ = {isa = PBXFileReference; lastKnownFileType = sourcecode.swift; path = XMarkButton.swift; sourceTree = "<group>"; };
		48771F392958CCB500A06279 /* Info.plist */ = {isa = PBXFileReference; lastKnownFileType = text.plist; path = Info.plist; sourceTree = "<group>"; };
		48771F3A2958CDFF00A06279 /* CoinLogoView.swift */ = {isa = PBXFileReference; lastKnownFileType = sourcecode.swift; path = CoinLogoView.swift; sourceTree = "<group>"; };
		48867780295E4B7D00AF986C /* ChartsView.swift */ = {isa = PBXFileReference; lastKnownFileType = sourcecode.swift; path = ChartsView.swift; sourceTree = "<group>"; };
		488A63002955225F00A40117 /* CoinDataService.swift */ = {isa = PBXFileReference; lastKnownFileType = sourcecode.swift; path = CoinDataService.swift; sourceTree = "<group>"; };
		488A6303295534FE00A40117 /* NetworkingManager.swift */ = {isa = PBXFileReference; lastKnownFileType = sourcecode.swift; path = NetworkingManager.swift; sourceTree = "<group>"; };
		488B16A3295248EE00D7D0A3 /* CoinRowView.swift */ = {isa = PBXFileReference; lastKnownFileType = sourcecode.swift; path = CoinRowView.swift; sourceTree = "<group>"; };
		488B16A52952498E00D7D0A3 /* PreviewProvider.swift */ = {isa = PBXFileReference; lastKnownFileType = sourcecode.swift; path = PreviewProvider.swift; sourceTree = "<group>"; };
		488B16A72952591800D7D0A3 /* Double.swift */ = {isa = PBXFileReference; lastKnownFileType = sourcecode.swift; path = Double.swift; sourceTree = "<group>"; };
		489F8056295E8D43009E2D45 /* Date.swift */ = {isa = PBXFileReference; lastKnownFileType = sourcecode.swift; path = Date.swift; sourceTree = "<group>"; };
		489F8058295E9E2A009E2D45 /* String.swift */ = {isa = PBXFileReference; lastKnownFileType = sourcecode.swift; path = String.swift; sourceTree = "<group>"; };
		48A1CAA2295DE743002D0D03 /* CoinDetailModel.swift */ = {isa = PBXFileReference; lastKnownFileType = sourcecode.swift; path = CoinDetailModel.swift; sourceTree = "<group>"; };
		48A1CAA4295DF624002D0D03 /* DetailViewModel.swift */ = {isa = PBXFileReference; lastKnownFileType = sourcecode.swift; path = DetailViewModel.swift; sourceTree = "<group>"; };
		48A1CAA6295DF6E9002D0D03 /* CoinDetailDataService.swift */ = {isa = PBXFileReference; lastKnownFileType = sourcecode.swift; path = CoinDetailDataService.swift; sourceTree = "<group>"; };
		48AF36D72950DE6F009349B1 /* Crypto Tracker.app */ = {isa = PBXFileReference; explicitFileType = wrapper.application; includeInIndex = 0; path = "Crypto Tracker.app"; sourceTree = BUILT_PRODUCTS_DIR; };
		48AF36DA2950DE6F009349B1 /* CryptoTrackerApp.swift */ = {isa = PBXFileReference; lastKnownFileType = sourcecode.swift; path = CryptoTrackerApp.swift; sourceTree = "<group>"; };
		48AF36DE2950DE72009349B1 /* Assets.xcassets */ = {isa = PBXFileReference; lastKnownFileType = folder.assetcatalog; path = Assets.xcassets; sourceTree = "<group>"; };
		48AF36E12950DE72009349B1 /* Preview Assets.xcassets */ = {isa = PBXFileReference; lastKnownFileType = folder.assetcatalog; path = "Preview Assets.xcassets"; sourceTree = "<group>"; };
		48AF36E92950F4D0009349B1 /* Color.swift */ = {isa = PBXFileReference; lastKnownFileType = sourcecode.swift; path = Color.swift; sourceTree = "<group>"; };
		48DEB9C7295D01B90080AF6E /* DetailsView.swift */ = {isa = PBXFileReference; lastKnownFileType = sourcecode.swift; path = DetailsView.swift; sourceTree = "<group>"; };
		48E1E7182954F3B7003CE406 /* HomeViewModel.swift */ = {isa = PBXFileReference; lastKnownFileType = sourcecode.swift; path = HomeViewModel.swift; sourceTree = "<group>"; };
		48FA4AA529574DBB001F4E6A /* LocalFileManager.swift */ = {isa = PBXFileReference; lastKnownFileType = sourcecode.swift; path = LocalFileManager.swift; sourceTree = "<group>"; };
		48FA4AA729576107001F4E6A /* SearchBarView.swift */ = {isa = PBXFileReference; lastKnownFileType = sourcecode.swift; path = SearchBarView.swift; sourceTree = "<group>"; };
		48FA4AA929576AE5001F4E6A /* UIApplication.swift */ = {isa = PBXFileReference; lastKnownFileType = sourcecode.swift; path = UIApplication.swift; sourceTree = "<group>"; };
/* End PBXFileReference section */

/* Begin PBXFrameworksBuildPhase section */
		48AF36D42950DE6F009349B1 /* Frameworks */ = {
			isa = PBXFrameworksBuildPhase;
			buildActionMask = 2147483647;
			files = (
			);
			runOnlyForDeploymentPostprocessing = 0;
		};
/* End PBXFrameworksBuildPhase section */

/* Begin PBXGroup section */
		481A9CAE295650FE0007F8C3 /* CoinImageView */ = {
			isa = PBXGroup;
			children = (
				481A9CAF295651200007F8C3 /* CoinImageView.swift */,
				486BCB6029569CFE005CD32C /* CoinImageViewModel.swift */,
				48771F3A2958CDFF00A06279 /* CoinLogoView.swift */,
			);
			path = CoinImageView;
			sourceTree = "<group>";
		};
		4829026829511EAE00514B73 /* Core */ = {
			isa = PBXGroup;
			children = (
				48DEB9C4295D016B0080AF6E /* Detail */,
				4829026E2951206800514B73 /* Components */,
				4829026929511EBC00514B73 /* Home */,
			);
			path = Core;
			sourceTree = "<group>";
		};
		4829026929511EBC00514B73 /* Home */ = {
			isa = PBXGroup;
			children = (
				4829026B29511ECA00514B73 /* ViewModels */,
				4829026A29511EC400514B73 /* Views */,
			);
			path = Home;
			sourceTree = "<group>";
		};
		4829026A29511EC400514B73 /* Views */ = {
			isa = PBXGroup;
			children = (
				4829026C29511EEC00514B73 /* HomeView.swift */,
				4823F93E2957A71700C6A2BD /* HomeStatsView.swift */,
				488B16A3295248EE00D7D0A3 /* CoinRowView.swift */,
				48771F352958C3E900A06279 /* PortfolioView.swift */,
			);
			path = Views;
			sourceTree = "<group>";
		};
		4829026B29511ECA00514B73 /* ViewModels */ = {
			isa = PBXGroup;
			children = (
				48E1E7182954F3B7003CE406 /* HomeViewModel.swift */,
			);
			path = ViewModels;
			sourceTree = "<group>";
		};
		4829026E2951206800514B73 /* Components */ = {
			isa = PBXGroup;
			children = (
				481A9CAE295650FE0007F8C3 /* CoinImageView */,
				4829026F2951209700514B73 /* CircleButton */,
				48FA4AA729576107001F4E6A /* SearchBarView.swift */,
				4823F93C2957A12400C6A2BD /* StatisticsView.swift */,
				48771F372958C80B00A06279 /* XMarkButton.swift */,
			);
			path = Components;
			sourceTree = "<group>";
		};
		4829026F2951209700514B73 /* CircleButton */ = {
			isa = PBXGroup;
			children = (
				48290270295120B800514B73 /* CircleButtonView.swift */,
				482902722951259200514B73 /* CircleButtonAnimationView.swift */,
			);
			path = CircleButton;
			sourceTree = "<group>";
		};
		4829027429512A4300514B73 /* Models */ = {
			isa = PBXGroup;
			children = (
				4829027529512A5600514B73 /* CoinModel.swift */,
				48A1CAA2295DE743002D0D03 /* CoinDetailModel.swift */,
				4823F93929579D0A00C6A2BD /* StatisticModel.swift */,
				483248622957D75100972C44 /* MarketDataModel.swift */,
				4810518A295A191300B994A9 /* PortfolioContainer.xcdatamodeld */,
			);
			path = Models;
			sourceTree = "<group>";
		};
		488A62FF295521F400A40117 /* Services */ = {
			isa = PBXGroup;
			children = (
				488A63002955225F00A40117 /* CoinDataService.swift */,
				48A1CAA6295DF6E9002D0D03 /* CoinDetailDataService.swift */,
				486BCB5E29569951005CD32C /* CoinImageService.swift */,
				483248642957DD8600972C44 /* MarketDataService.swift */,
				4810518D295A19DE00B994A9 /* PortfolioDataService.swift */,
			);
			path = Services;
			sourceTree = "<group>";
		};
		488A6302295534B800A40117 /* Utilities */ = {
			isa = PBXGroup;
			children = (
				488A6303295534FE00A40117 /* NetworkingManager.swift */,
				48FA4AA529574DBB001F4E6A /* LocalFileManager.swift */,
				4814546A295BF8D6002DF481 /* HapticManager.swift */,
			);
			path = Utilities;
			sourceTree = "<group>";
		};
		48AF36CE2950DE6F009349B1 = {
			isa = PBXGroup;
			children = (
				48AF36D92950DE6F009349B1 /* CryptoTracker */,
				48AF36D82950DE6F009349B1 /* Products */,
			);
			sourceTree = "<group>";
		};
		48AF36D82950DE6F009349B1 /* Products */ = {
			isa = PBXGroup;
			children = (
				48AF36D72950DE6F009349B1 /* Crypto Tracker.app */,
			);
			name = Products;
			sourceTree = "<group>";
		};
		48AF36D92950DE6F009349B1 /* CryptoTracker */ = {
			isa = PBXGroup;
			children = (
				48771F392958CCB500A06279 /* Info.plist */,
				488A6302295534B800A40117 /* Utilities */,
				48AF36E82950F4BF009349B1 /* Extensions */,
				488A62FF295521F400A40117 /* Services */,
				4829027429512A4300514B73 /* Models */,
				4829026829511EAE00514B73 /* Core */,
				48AF36DA2950DE6F009349B1 /* CryptoTrackerApp.swift */,
				48AF36DE2950DE72009349B1 /* Assets.xcassets */,
				48AF36E02950DE72009349B1 /* Preview Content */,
			);
			path = CryptoTracker;
			sourceTree = "<group>";
		};
		48AF36E02950DE72009349B1 /* Preview Content */ = {
			isa = PBXGroup;
			children = (
				48AF36E12950DE72009349B1 /* Preview Assets.xcassets */,
			);
			path = "Preview Content";
			sourceTree = "<group>";
		};
		48AF36E82950F4BF009349B1 /* Extensions */ = {
			isa = PBXGroup;
			children = (
				48AF36E92950F4D0009349B1 /* Color.swift */,
				488B16A52952498E00D7D0A3 /* PreviewProvider.swift */,
				488B16A72952591800D7D0A3 /* Double.swift */,
				48FA4AA929576AE5001F4E6A /* UIApplication.swift */,
				489F8056295E8D43009E2D45 /* Date.swift */,
				489F8058295E9E2A009E2D45 /* String.swift */,
			);
			path = Extensions;
			sourceTree = "<group>";
		};
		48DEB9C4295D016B0080AF6E /* Detail */ = {
			isa = PBXGroup;
			children = (
				48DEB9C5295D01880080AF6E /* ViewModels */,
				48DEB9C6295D01910080AF6E /* Views */,
			);
			path = Detail;
			sourceTree = "<group>";
		};
		48DEB9C5295D01880080AF6E /* ViewModels */ = {
			isa = PBXGroup;
			children = (
				48A1CAA4295DF624002D0D03 /* DetailViewModel.swift */,
			);
			path = ViewModels;
			sourceTree = "<group>";
		};
		48DEB9C6295D01910080AF6E /* Views */ = {
			isa = PBXGroup;
			children = (
				48DEB9C7295D01B90080AF6E /* DetailsView.swift */,
				48867780295E4B7D00AF986C /* ChartsView.swift */,
			);
			path = Views;
			sourceTree = "<group>";
		};
/* End PBXGroup section */

/* Begin PBXNativeTarget section */
		48AF36D62950DE6F009349B1 /* CryptoTracker */ = {
			isa = PBXNativeTarget;
			buildConfigurationList = 48AF36E52950DE72009349B1 /* Build configuration list for PBXNativeTarget "CryptoTracker" */;
			buildPhases = (
				48AF36D32950DE6F009349B1 /* Sources */,
				48AF36D42950DE6F009349B1 /* Frameworks */,
				48AF36D52950DE6F009349B1 /* Resources */,
			);
			buildRules = (
			);
			dependencies = (
			);
			name = CryptoTracker;
			productName = CryptoTracker;
			productReference = 48AF36D72950DE6F009349B1 /* Crypto Tracker.app */;
			productType = "com.apple.product-type.application";
		};
/* End PBXNativeTarget section */

/* Begin PBXProject section */
		48AF36CF2950DE6F009349B1 /* Project object */ = {
			isa = PBXProject;
			attributes = {
				BuildIndependentTargetsInParallel = 1;
				LastSwiftUpdateCheck = 1330;
				LastUpgradeCheck = 1330;
				TargetAttributes = {
					48AF36D62950DE6F009349B1 = {
						CreatedOnToolsVersion = 13.3.1;
					};
				};
			};
			buildConfigurationList = 48AF36D22950DE6F009349B1 /* Build configuration list for PBXProject "CryptoTracker" */;
			compatibilityVersion = "Xcode 13.0";
			developmentRegion = en;
			hasScannedForEncodings = 0;
			knownRegions = (
				en,
				Base,
			);
			mainGroup = 48AF36CE2950DE6F009349B1;
			productRefGroup = 48AF36D82950DE6F009349B1 /* Products */;
			projectDirPath = "";
			projectRoot = "";
			targets = (
				48AF36D62950DE6F009349B1 /* CryptoTracker */,
			);
		};
/* End PBXProject section */

/* Begin PBXResourcesBuildPhase section */
		48AF36D52950DE6F009349B1 /* Resources */ = {
			isa = PBXResourcesBuildPhase;
			buildActionMask = 2147483647;
			files = (
				48AF36E22950DE72009349B1 /* Preview Assets.xcassets in Resources */,
				48AF36DF2950DE72009349B1 /* Assets.xcassets in Resources */,
			);
			runOnlyForDeploymentPostprocessing = 0;
		};
/* End PBXResourcesBuildPhase section */

/* Begin PBXSourcesBuildPhase section */
		48AF36D32950DE6F009349B1 /* Sources */ = {
			isa = PBXSourcesBuildPhase;
			buildActionMask = 2147483647;
			files = (
				4823F93A29579D0A00C6A2BD /* StatisticModel.swift in Sources */,
				483248652957DD8600972C44 /* MarketDataService.swift in Sources */,
				48771F3B2958CDFF00A06279 /* CoinLogoView.swift in Sources */,
				4823F93D2957A12400C6A2BD /* StatisticsView.swift in Sources */,
				48FA4AAA29576AE5001F4E6A /* UIApplication.swift in Sources */,
				4810518C295A191300B994A9 /* PortfolioContainer.xcdatamodeld in Sources */,
				486BCB6129569CFE005CD32C /* CoinImageViewModel.swift in Sources */,
				481A9CB0295651200007F8C3 /* CoinImageView.swift in Sources */,
				48A1CAA3295DE743002D0D03 /* CoinDetailModel.swift in Sources */,
				4829026D29511EEC00514B73 /* HomeView.swift in Sources */,
				48771F362958C3E900A06279 /* PortfolioView.swift in Sources */,
				48AF36DB2950DE6F009349B1 /* CryptoTrackerApp.swift in Sources */,
				48DEB9C8295D01B90080AF6E /* DetailsView.swift in Sources */,
				48867781295E4B7D00AF986C /* ChartsView.swift in Sources */,
				482902732951259200514B73 /* CircleButtonAnimationView.swift in Sources */,
				48E1E7192954F3B7003CE406 /* HomeViewModel.swift in Sources */,
				489F8057295E8D43009E2D45 /* Date.swift in Sources */,
				48A1CAA5295DF624002D0D03 /* DetailViewModel.swift in Sources */,
				48290271295120B800514B73 /* CircleButtonView.swift in Sources */,
				48FA4AA629574DBB001F4E6A /* LocalFileManager.swift in Sources */,
				4823F93F2957A71700C6A2BD /* HomeStatsView.swift in Sources */,
				4829027629512A5600514B73 /* CoinModel.swift in Sources */,
				483248632957D75100972C44 /* MarketDataModel.swift in Sources */,
				4810518E295A19DE00B994A9 /* PortfolioDataService.swift in Sources */,
				488B16A62952498E00D7D0A3 /* PreviewProvider.swift in Sources */,
				488B16A4295248EE00D7D0A3 /* CoinRowView.swift in Sources */,
				488B16A82952591800D7D0A3 /* Double.swift in Sources */,
				488A6304295534FE00A40117 /* NetworkingManager.swift in Sources */,
				48AF36EA2950F4D0009349B1 /* Color.swift in Sources */,
				4814546B295BF8D6002DF481 /* HapticManager.swift in Sources */,
				489F8059295E9E2A009E2D45 /* String.swift in Sources */,
				48771F382958C80B00A06279 /* XMarkButton.swift in Sources */,
				48A1CAA7295DF6E9002D0D03 /* CoinDetailDataService.swift in Sources */,
				486BCB5F29569951005CD32C /* CoinImageService.swift in Sources */,
				48FA4AA829576107001F4E6A /* SearchBarView.swift in Sources */,
				488A63012955225F00A40117 /* CoinDataService.swift in Sources */,
			);
			runOnlyForDeploymentPostprocessing = 0;
		};
/* End PBXSourcesBuildPhase section */

/* Begin XCBuildConfiguration section */
		48AF36E32950DE72009349B1 /* Debug */ = {
			isa = XCBuildConfiguration;
			buildSettings = {
				ALWAYS_SEARCH_USER_PATHS = NO;
				CLANG_ANALYZER_NONNULL = YES;
				CLANG_ANALYZER_NUMBER_OBJECT_CONVERSION = YES_AGGRESSIVE;
				CLANG_CXX_LANGUAGE_STANDARD = "gnu++17";
				CLANG_ENABLE_MODULES = YES;
				CLANG_ENABLE_OBJC_ARC = YES;
				CLANG_ENABLE_OBJC_WEAK = YES;
				CLANG_WARN_BLOCK_CAPTURE_AUTORELEASING = YES;
				CLANG_WARN_BOOL_CONVERSION = YES;
				CLANG_WARN_COMMA = YES;
				CLANG_WARN_CONSTANT_CONVERSION = YES;
				CLANG_WARN_DEPRECATED_OBJC_IMPLEMENTATIONS = YES;
				CLANG_WARN_DIRECT_OBJC_ISA_USAGE = YES_ERROR;
				CLANG_WARN_DOCUMENTATION_COMMENTS = YES;
				CLANG_WARN_EMPTY_BODY = YES;
				CLANG_WARN_ENUM_CONVERSION = YES;
				CLANG_WARN_INFINITE_RECURSION = YES;
				CLANG_WARN_INT_CONVERSION = YES;
				CLANG_WARN_NON_LITERAL_NULL_CONVERSION = YES;
				CLANG_WARN_OBJC_IMPLICIT_RETAIN_SELF = YES;
				CLANG_WARN_OBJC_LITERAL_CONVERSION = YES;
				CLANG_WARN_OBJC_ROOT_CLASS = YES_ERROR;
				CLANG_WARN_QUOTED_INCLUDE_IN_FRAMEWORK_HEADER = YES;
				CLANG_WARN_RANGE_LOOP_ANALYSIS = YES;
				CLANG_WARN_STRICT_PROTOTYPES = YES;
				CLANG_WARN_SUSPICIOUS_MOVE = YES;
				CLANG_WARN_UNGUARDED_AVAILABILITY = YES_AGGRESSIVE;
				CLANG_WARN_UNREACHABLE_CODE = YES;
				CLANG_WARN__DUPLICATE_METHOD_MATCH = YES;
				COPY_PHASE_STRIP = NO;
				DEBUG_INFORMATION_FORMAT = dwarf;
				ENABLE_STRICT_OBJC_MSGSEND = YES;
				ENABLE_TESTABILITY = YES;
				GCC_C_LANGUAGE_STANDARD = gnu11;
				GCC_DYNAMIC_NO_PIC = NO;
				GCC_NO_COMMON_BLOCKS = YES;
				GCC_OPTIMIZATION_LEVEL = 0;
				GCC_PREPROCESSOR_DEFINITIONS = (
					"DEBUG=1",
					"$(inherited)",
				);
				GCC_WARN_64_TO_32_BIT_CONVERSION = YES;
				GCC_WARN_ABOUT_RETURN_TYPE = YES_ERROR;
				GCC_WARN_UNDECLARED_SELECTOR = YES;
				GCC_WARN_UNINITIALIZED_AUTOS = YES_AGGRESSIVE;
				GCC_WARN_UNUSED_FUNCTION = YES;
				GCC_WARN_UNUSED_VARIABLE = YES;
				IPHONEOS_DEPLOYMENT_TARGET = 15.4;
				MTL_ENABLE_DEBUG_INFO = INCLUDE_SOURCE;
				MTL_FAST_MATH = YES;
				ONLY_ACTIVE_ARCH = YES;
				SDKROOT = iphoneos;
				SWIFT_ACTIVE_COMPILATION_CONDITIONS = DEBUG;
				SWIFT_OPTIMIZATION_LEVEL = "-Onone";
			};
			name = Debug;
		};
		48AF36E42950DE72009349B1 /* Release */ = {
			isa = XCBuildConfiguration;
			buildSettings = {
				ALWAYS_SEARCH_USER_PATHS = NO;
				CLANG_ANALYZER_NONNULL = YES;
				CLANG_ANALYZER_NUMBER_OBJECT_CONVERSION = YES_AGGRESSIVE;
				CLANG_CXX_LANGUAGE_STANDARD = "gnu++17";
				CLANG_ENABLE_MODULES = YES;
				CLANG_ENABLE_OBJC_ARC = YES;
				CLANG_ENABLE_OBJC_WEAK = YES;
				CLANG_WARN_BLOCK_CAPTURE_AUTORELEASING = YES;
				CLANG_WARN_BOOL_CONVERSION = YES;
				CLANG_WARN_COMMA = YES;
				CLANG_WARN_CONSTANT_CONVERSION = YES;
				CLANG_WARN_DEPRECATED_OBJC_IMPLEMENTATIONS = YES;
				CLANG_WARN_DIRECT_OBJC_ISA_USAGE = YES_ERROR;
				CLANG_WARN_DOCUMENTATION_COMMENTS = YES;
				CLANG_WARN_EMPTY_BODY = YES;
				CLANG_WARN_ENUM_CONVERSION = YES;
				CLANG_WARN_INFINITE_RECURSION = YES;
				CLANG_WARN_INT_CONVERSION = YES;
				CLANG_WARN_NON_LITERAL_NULL_CONVERSION = YES;
				CLANG_WARN_OBJC_IMPLICIT_RETAIN_SELF = YES;
				CLANG_WARN_OBJC_LITERAL_CONVERSION = YES;
				CLANG_WARN_OBJC_ROOT_CLASS = YES_ERROR;
				CLANG_WARN_QUOTED_INCLUDE_IN_FRAMEWORK_HEADER = YES;
				CLANG_WARN_RANGE_LOOP_ANALYSIS = YES;
				CLANG_WARN_STRICT_PROTOTYPES = YES;
				CLANG_WARN_SUSPICIOUS_MOVE = YES;
				CLANG_WARN_UNGUARDED_AVAILABILITY = YES_AGGRESSIVE;
				CLANG_WARN_UNREACHABLE_CODE = YES;
				CLANG_WARN__DUPLICATE_METHOD_MATCH = YES;
				COPY_PHASE_STRIP = NO;
				DEBUG_INFORMATION_FORMAT = "dwarf-with-dsym";
				ENABLE_NS_ASSERTIONS = NO;
				ENABLE_STRICT_OBJC_MSGSEND = YES;
				GCC_C_LANGUAGE_STANDARD = gnu11;
				GCC_NO_COMMON_BLOCKS = YES;
				GCC_WARN_64_TO_32_BIT_CONVERSION = YES;
				GCC_WARN_ABOUT_RETURN_TYPE = YES_ERROR;
				GCC_WARN_UNDECLARED_SELECTOR = YES;
				GCC_WARN_UNINITIALIZED_AUTOS = YES_AGGRESSIVE;
				GCC_WARN_UNUSED_FUNCTION = YES;
				GCC_WARN_UNUSED_VARIABLE = YES;
				IPHONEOS_DEPLOYMENT_TARGET = 15.4;
				MTL_ENABLE_DEBUG_INFO = NO;
				MTL_FAST_MATH = YES;
				SDKROOT = iphoneos;
				SWIFT_COMPILATION_MODE = wholemodule;
				SWIFT_OPTIMIZATION_LEVEL = "-O";
				VALIDATE_PRODUCT = YES;
			};
			name = Release;
		};
		48AF36E62950DE72009349B1 /* Debug */ = {
			isa = XCBuildConfiguration;
			buildSettings = {
				ASSETCATALOG_COMPILER_APPICON_NAME = AppIcon;
				ASSETCATALOG_COMPILER_GLOBAL_ACCENT_COLOR_NAME = AccentColor;
				CODE_SIGN_STYLE = Automatic;
				CURRENT_PROJECT_VERSION = 1;
				DEVELOPMENT_ASSET_PATHS = "\"CryptoTracker/Preview Content\"";
				ENABLE_PREVIEWS = YES;
				GENERATE_INFOPLIST_FILE = YES;
				INFOPLIST_FILE = CryptoTracker/Info.plist;
				INFOPLIST_KEY_UIApplicationSceneManifest_Generation = YES;
				INFOPLIST_KEY_UIApplicationSupportsIndirectInputEvents = YES;
				INFOPLIST_KEY_UILaunchScreen_Generation = YES;
				INFOPLIST_KEY_UISupportedInterfaceOrientations = UIInterfaceOrientationPortrait;
				INFOPLIST_KEY_UISupportedInterfaceOrientations_iPad = "UIInterfaceOrientationPortrait UIInterfaceOrientationPortraitUpsideDown UIInterfaceOrientationLandscapeLeft UIInterfaceOrientationLandscapeRight";
				INFOPLIST_KEY_UISupportedInterfaceOrientations_iPhone = "UIInterfaceOrientationPortrait UIInterfaceOrientationLandscapeLeft UIInterfaceOrientationLandscapeRight";
				LD_RUNPATH_SEARCH_PATHS = (
					"$(inherited)",
					"@executable_path/Frameworks",
				);
				MARKETING_VERSION = 1.0;
				PRODUCT_BUNDLE_IDENTIFIER = com.omarthamri.CryptoTracker;
				PRODUCT_NAME = "Crypto Tracker";
				SWIFT_EMIT_LOC_STRINGS = YES;
				SWIFT_VERSION = 5.0;
				TARGETED_DEVICE_FAMILY = "1,2";
			};
			name = Debug;
		};
		48AF36E72950DE72009349B1 /* Release */ = {
			isa = XCBuildConfiguration;
			buildSettings = {
				ASSETCATALOG_COMPILER_APPICON_NAME = AppIcon;
				ASSETCATALOG_COMPILER_GLOBAL_ACCENT_COLOR_NAME = AccentColor;
				CODE_SIGN_STYLE = Automatic;
				CURRENT_PROJECT_VERSION = 1;
				DEVELOPMENT_ASSET_PATHS = "\"CryptoTracker/Preview Content\"";
				ENABLE_PREVIEWS = YES;
				GENERATE_INFOPLIST_FILE = YES;
				INFOPLIST_FILE = CryptoTracker/Info.plist;
				INFOPLIST_KEY_UIApplicationSceneManifest_Generation = YES;
				INFOPLIST_KEY_UIApplicationSupportsIndirectInputEvents = YES;
				INFOPLIST_KEY_UILaunchScreen_Generation = YES;
				INFOPLIST_KEY_UISupportedInterfaceOrientations = UIInterfaceOrientationPortrait;
				INFOPLIST_KEY_UISupportedInterfaceOrientations_iPad = "UIInterfaceOrientationPortrait UIInterfaceOrientationPortraitUpsideDown UIInterfaceOrientationLandscapeLeft UIInterfaceOrientationLandscapeRight";
				INFOPLIST_KEY_UISupportedInterfaceOrientations_iPhone = "UIInterfaceOrientationPortrait UIInterfaceOrientationLandscapeLeft UIInterfaceOrientationLandscapeRight";
				LD_RUNPATH_SEARCH_PATHS = (
					"$(inherited)",
					"@executable_path/Frameworks",
				);
				MARKETING_VERSION = 1.0;
				PRODUCT_BUNDLE_IDENTIFIER = com.omarthamri.CryptoTracker;
				PRODUCT_NAME = "Crypto Tracker";
				SWIFT_EMIT_LOC_STRINGS = YES;
				SWIFT_VERSION = 5.0;
				TARGETED_DEVICE_FAMILY = "1,2";
			};
			name = Release;
		};
/* End XCBuildConfiguration section */

/* Begin XCConfigurationList section */
		48AF36D22950DE6F009349B1 /* Build configuration list for PBXProject "CryptoTracker" */ = {
			isa = XCConfigurationList;
			buildConfigurations = (
				48AF36E32950DE72009349B1 /* Debug */,
				48AF36E42950DE72009349B1 /* Release */,
			);
			defaultConfigurationIsVisible = 0;
			defaultConfigurationName = Release;
		};
		48AF36E52950DE72009349B1 /* Build configuration list for PBXNativeTarget "CryptoTracker" */ = {
			isa = XCConfigurationList;
			buildConfigurations = (
				48AF36E62950DE72009349B1 /* Debug */,
				48AF36E72950DE72009349B1 /* Release */,
			);
			defaultConfigurationIsVisible = 0;
			defaultConfigurationName = Release;
		};
/* End XCConfigurationList section */

/* Begin XCVersionGroup section */
		4810518A295A191300B994A9 /* PortfolioContainer.xcdatamodeld */ = {
			isa = XCVersionGroup;
			children = (
				4810518B295A191300B994A9 /* PortfolioContainer.xcdatamodel */,
			);
			currentVersion = 4810518B295A191300B994A9 /* PortfolioContainer.xcdatamodel */;
			path = PortfolioContainer.xcdatamodeld;
			sourceTree = "<group>";
			versionGroupType = wrapper.xcdatamodel;
		};
/* End XCVersionGroup section */
	};
	rootObject = 48AF36CF2950DE6F009349B1 /* Project object */;
}
